{"format_version":"1.0","provider_schemas":{"registry.terraform.io/hetznercloud/hcloud":{"provider":{"version":0,"block":{"attributes":{"endpoint":{"type":"string","description":"The Hetzner Cloud API endpoint, can be used to override the default API Endpoint https://api.hetzner.cloud/v1.","description_kind":"plain","optional":true},"poll_function":{"type":"string","description":"The type of function to be used during the polling.","description_kind":"plain","optional":true},"poll_interval":{"type":"string","description":"The interval at which actions are polled by the client. Default `500ms`. Increase this interval if you run into rate limiting errors.","description_kind":"plain","optional":true},"token":{"type":"string","description":"The Hetzner Cloud API token, can also be specified with the HCLOUD_TOKEN environment variable.","description_kind":"plain","optional":true,"sensitive":true}},"description_kind":"plain"}},"resource_schemas":{"hcloud_certificate":{"version":1,"block":{"attributes":{"certificate":{"type":"string","description_kind":"plain","required":true},"created":{"type":"string","description_kind":"plain","computed":true},"domain_names":{"type":["list","string"],"description_kind":"plain","computed":true},"fingerprint":{"type":"string","description_kind":"plain","computed":true},"id":{"type":"string","description_kind":"plain","optional":true,"computed":true},"labels":{"type":["map","string"],"description_kind":"plain","optional":true},"name":{"type":"string","description_kind":"plain","required":true},"not_valid_after":{"type":"string","description_kind":"plain","computed":true},"not_valid_before":{"type":"string","description_kind":"plain","computed":true},"private_key":{"type":"string","description_kind":"plain","required":true,"sensitive":true},"type":{"type":"string","description_kind":"plain","computed":true}},"description_kind":"plain"}},"hcloud_firewall":{"version":0,"block":{"attributes":{"id":{"type":"string","description_kind":"plain","optional":true,"computed":true},"labels":{"type":["map","string"],"description_kind":"plain","optional":true,"computed":true},"name":{"type":"string","description_kind":"plain","required":true}},"block_types":{"apply_to":{"nesting_mode":"set","block":{"attributes":{"label_selector":{"type":"string","description_kind":"plain","optional":true,"computed":true},"server":{"type":"number","description_kind":"plain","optional":true,"computed":true}},"description_kind":"plain"}},"rule":{"nesting_mode":"set","block":{"attributes":{"description":{"type":"string","description_kind":"plain","optional":true},"destination_ips":{"type":["set","string"],"description_kind":"plain","optional":true},"direction":{"type":"string","description_kind":"plain","required":true},"port":{"type":"string","description_kind":"plain","optional":true},"protocol":{"type":"string","description_kind":"plain","required":true},"source_ips":{"type":["set","string"],"description_kind":"plain","optional":true}},"description_kind":"plain"}}},"description_kind":"plain"}},"hcloud_firewall_attachment":{"version":0,"block":{"attributes":{"firewall_id":{"type":"number","description_kind":"plain","required":true},"id":{"type":"string","description_kind":"plain","optional":true,"computed":true},"label_selectors":{"type":["set","string"],"description_kind":"plain","optional":true},"server_ids":{"type":["set","number"],"description_kind":"plain","optional":true}},"description_kind":"plain"}},"hcloud_floating_ip":{"version":0,"block":{"attributes":{"delete_protection":{"type":"bool","description_kind":"plain","optional":true},"description":{"type":"string","description_kind":"plain","optional":true},"home_location":{"type":"string","description_kind":"plain","optional":true,"computed":true},"id":{"type":"string","description_kind":"plain","optional":true,"computed":true},"ip_address":{"type":"string","description_kind":"plain","computed":true},"ip_network":{"type":"string","description_kind":"plain","computed":true},"labels":{"type":["map","string"],"description_kind":"plain","optional":true},"name":{"type":"string","description_kind":"plain","optional":true,"computed":true},"server_id":{"type":"number","description_kind":"plain","optional":true,"computed":true},"type":{"type":"string","description_kind":"plain","required":true}},"description_kind":"plain"}},"hcloud_floating_ip_assignment":{"version":0,"block":{"attributes":{"floating_ip_id":{"type":"number","description_kind":"plain","required":true},"id":{"type":"string","description_kind":"plain","optional":true,"computed":true},"server_id":{"type":"number","description_kind":"plain","required":true}},"description_kind":"plain"}},"hcloud_load_balancer":{"version":0,"block":{"attributes":{"delete_protection":{"type":"bool","description_kind":"plain","optional":true},"id":{"type":"string","description_kind":"plain","optional":true,"computed":true},"ipv4":{"type":"string","description_kind":"plain","computed":true},"ipv6":{"type":"string","description_kind":"plain","computed":true},"labels":{"type":["map","string"],"description_kind":"plain","optional":true,"computed":true},"load_balancer_type":{"type":"string","description_kind":"plain","required":true},"location":{"type":"string","description_kind":"plain","optional":true,"computed":true},"name":{"type":"string","description_kind":"plain","required":true},"network_id":{"type":"number","description_kind":"plain","computed":true},"network_ip":{"type":"string","description_kind":"plain","computed":true},"network_zone":{"type":"string","description_kind":"plain","optional":true,"computed":true}},"block_types":{"algorithm":{"nesting_mode":"list","block":{"attributes":{"type":{"type":"string","description_kind":"plain","optional":true,"computed":true}},"description_kind":"plain"},"max_items":1},"target":{"nesting_mode":"set","block":{"attributes":{"server_id":{"type":"number","description_kind":"plain","optional":true},"type":{"type":"string","description_kind":"plain","required":true},"use_private_ip":{"type":"bool","description_kind":"plain","deprecated":true,"optional":true}},"description_kind":"plain","deprecated":true}}},"description_kind":"plain"}},"hcloud_load_balancer_network":{"version":0,"block":{"attributes":{"enable_public_interface":{"type":"bool","description_kind":"plain","optional":true},"id":{"type":"string","description_kind":"plain","optional":true,"computed":true},"ip":{"type":"string","description_kind":"plain","optional":true,"computed":true},"load_balancer_id":{"type":"number","description_kind":"plain","required":true},"network_id":{"type":"number","description_kind":"plain","optional":true},"subnet_id":{"type":"string","description_kind":"plain","optional":true}},"description_kind":"plain"}},"hcloud_load_balancer_service":{"version":0,"block":{"attributes":{"destination_port":{"type":"number","description_kind":"plain","optional":true,"computed":true},"id":{"type":"string","description_kind":"plain","optional":true,"computed":true},"listen_port":{"type":"number","description_kind":"plain","optional":true,"computed":true},"load_balancer_id":{"type":"string","description_kind":"plain","required":true},"protocol":{"type":"string","description_kind":"plain","required":true},"proxyprotocol":{"type":"bool","description_kind":"plain","optional":true,"computed":true}},"block_types":{"health_check":{"nesting_mode":"list","block":{"attributes":{"interval":{"type":"number","description_kind":"plain","required":true},"port":{"type":"number","description_kind":"plain","required":true},"protocol":{"type":"string","description_kind":"plain","required":true},"retries":{"type":"number","description_kind":"plain","optional":true,"computed":true},"timeout":{"type":"number","description_kind":"plain","required":true}},"block_types":{"http":{"nesting_mode":"list","block":{"attributes":{"domain":{"type":"string","description_kind":"plain","optional":true},"path":{"type":"string","description_kind":"plain","optional":true},"response":{"type":"string","description_kind":"plain","optional":true},"status_codes":{"type":["list","string"],"description_kind":"plain","optional":true},"tls":{"type":"bool","description_kind":"plain","optional":true}},"description_kind":"plain"},"max_items":1}},"description_kind":"plain"},"max_items":1},"http":{"nesting_mode":"list","block":{"attributes":{"certificates":{"type":["set","number"],"description_kind":"plain","optional":true,"computed":true},"cookie_lifetime":{"type":"number","description_kind":"plain","optional":true,"computed":true},"cookie_name":{"type":"string","description_kind":"plain","optional":true,"computed":true},"redirect_http":{"type":"bool","description_kind":"plain","optional":true,"computed":true},"sticky_sessions":{"type":"bool","description_kind":"plain","optional":true,"computed":true}},"description_kind":"plain"},"max_items":1}},"description_kind":"plain"}},"hcloud_load_balancer_target":{"version":0,"block":{"attributes":{"id":{"type":"string","description_kind":"plain","optional":true,"computed":true},"ip":{"type":"string","description_kind":"plain","optional":true},"label_selector":{"type":"string","description_kind":"plain","optional":true},"load_balancer_id":{"type":"number","description_kind":"plain","required":true},"server_id":{"type":"number","description_kind":"plain","optional":true},"type":{"type":"string","description_kind":"plain","required":true},"use_private_ip":{"type":"bool","description_kind":"plain","optional":true,"computed":true}},"description_kind":"plain"}},"hcloud_managed_certificate":{"version":1,"block":{"attributes":{"certificate":{"type":"string","description_kind":"plain","computed":true},"created":{"type":"string","description_kind":"plain","computed":true},"domain_names":{"type":["set","string"],"description_kind":"plain","required":true},"fingerprint":{"type":"string","description_kind":"plain","computed":true},"id":{"type":"string","description_kind":"plain","optional":true,"computed":true},"labels":{"type":["map","string"],"description_kind":"plain","optional":true},"name":{"type":"string","description_kind":"plain","required":true},"not_valid_after":{"type":"string","description_kind":"plain","computed":true},"not_valid_before":{"type":"string","description_kind":"plain","computed":true},"type":{"type":"string","description_kind":"plain","computed":true}},"description_kind":"plain"}},"hcloud_network":{"version":0,"block":{"attributes":{"delete_protection":{"type":"bool","description_kind":"plain","optional":true},"expose_routes_to_vswitch":{"type":"bool","description":"Enable or disable exposing the routes to the vSwitch connection. The exposing only takes effect if a vSwitch connection is active.","description_kind":"plain","optional":true},"id":{"type":"string","description_kind":"plain","optional":true,"computed":true},"ip_range":{"type":"string","description_kind":"plain","required":true},"labels":{"type":["map","string"],"description_kind":"plain","optional":true},"name":{"type":"string","description_kind":"plain","required":true}},"description_kind":"plain"}},"hcloud_network_route":{"version":0,"block":{"attributes":{"destination":{"type":"string","description_kind":"plain","required":true},"gateway":{"type":"string","description_kind":"plain","required":true},"id":{"type":"string","description_kind":"plain","optional":true,"computed":true},"network_id":{"type":"number","description_kind":"plain","required":true}},"description_kind":"plain"}},"hcloud_network_subnet":{"version":0,"block":{"attributes":{"gateway":{"type":"string","description_kind":"plain","computed":true},"id":{"type":"string","description_kind":"plain","optional":true,"computed":true},"ip_range":{"type":"string","description_kind":"plain","required":true},"network_id":{"type":"number","description_kind":"plain","required":true},"network_zone":{"type":"string","description_kind":"plain","required":true},"type":{"type":"string","description_kind":"plain","required":true},"vswitch_id":{"type":"number","description_kind":"plain","optional":true}},"description_kind":"plain"}},"hcloud_placement_group":{"version":0,"block":{"attributes":{"id":{"type":"string","description_kind":"plain","optional":true,"computed":true},"labels":{"type":["map","string"],"description_kind":"plain","optional":true},"name":{"type":"string","description_kind":"plain","required":true},"servers":{"type":["set","number"],"description_kind":"plain","computed":true},"type":{"type":"string","description_kind":"plain","required":true}},"description_kind":"plain"}},"hcloud_primary_ip":{"version":0,"block":{"attributes":{"assignee_id":{"type":"number","description_kind":"plain","optional":true,"computed":true},"assignee_type":{"type":"string","description_kind":"plain","required":true},"auto_delete":{"type":"bool","description_kind":"plain","required":true},"datacenter":{"type":"string","description_kind":"plain","optional":true,"computed":true},"delete_protection":{"type":"bool","description_kind":"plain","optional":true},"id":{"type":"string","description_kind":"plain","optional":true,"computed":true},"ip_address":{"type":"string","description_kind":"plain","computed":true},"ip_network":{"type":"string","description_kind":"plain","computed":true},"labels":{"type":["map","string"],"description_kind":"plain","optional":true},"name":{"type":"string","description_kind":"plain","optional":true,"computed":true},"type":{"type":"string","description_kind":"plain","required":true}},"description_kind":"plain"}},"hcloud_rdns":{"version":0,"block":{"attributes":{"dns_ptr":{"type":"string","description_kind":"plain","required":true},"floating_ip_id":{"type":"number","description_kind":"plain","optional":true},"id":{"type":"string","description_kind":"plain","optional":true,"computed":true},"ip_address":{"type":"string","description_kind":"plain","required":true},"load_balancer_id":{"type":"number","description_kind":"plain","optional":true},"primary_ip_id":{"type":"number","description_kind":"plain","optional":true},"server_id":{"type":"number","description_kind":"plain","optional":true}},"description_kind":"plain"}},"hcloud_server":{"version":0,"block":{"attributes":{"allow_deprecated_images":{"type":"bool","description_kind":"plain","optional":true},"backup_window":{"type":"string","description_kind":"plain","deprecated":true,"computed":true},"backups":{"type":"bool","description_kind":"plain","optional":true},"datacenter":{"type":"string","description_kind":"plain","optional":true,"computed":true},"delete_protection":{"type":"bool","description_kind":"plain","optional":true},"firewall_ids":{"type":["set","number"],"description_kind":"plain","optional":true,"computed":true},"id":{"type":"string","description_kind":"plain","optional":true,"computed":true},"ignore_remote_firewall_ids":{"type":"bool","description_kind":"plain","optional":true},"image":{"type":"string","description_kind":"plain","optional":true},"ipv4_address":{"type":"string","description_kind":"plain","computed":true},"ipv6_address":{"type":"string","description_kind":"plain","computed":true},"ipv6_network":{"type":"string","description_kind":"plain","computed":true},"iso":{"type":"string","description_kind":"plain","optional":true},"keep_disk":{"type":"bool","description_kind":"plain","optional":true},"labels":{"type":["map","string"],"description_kind":"plain","optional":true},"location":{"type":"string","description_kind":"plain","optional":true,"computed":true},"name":{"type":"string","description_kind":"plain","required":true},"placement_group_id":{"type":"number","description_kind":"plain","optional":true},"primary_disk_size":{"type":"number","description_kind":"plain","computed":true},"rebuild_protection":{"type":"bool","description_kind":"plain","optional":true},"rescue":{"type":"string","description_kind":"plain","optional":true},"server_type":{"type":"string","description_kind":"plain","required":true},"shutdown_before_deletion":{"type":"bool","description_kind":"plain","optional":true},"ssh_keys":{"type":["list","string"],"description_kind":"plain","optional":true},"status":{"type":"string","description_kind":"plain","computed":true},"user_data":{"type":"string","description_kind":"plain","optional":true}},"block_types":{"network":{"nesting_mode":"set","block":{"attributes":{"alias_ips":{"type":["set","string"],"description_kind":"plain","optional":true,"computed":true},"ip":{"type":"string","description_kind":"plain","optional":true,"computed":true},"mac_address":{"type":"string","description_kind":"plain","computed":true},"network_id":{"type":"number","description_kind":"plain","required":true}},"description_kind":"plain"}},"public_net":{"nesting_mode":"set","block":{"attributes":{"ipv4":{"type":"number","description_kind":"plain","optional":true,"computed":true},"ipv4_enabled":{"type":"bool","description_kind":"plain","optional":true},"ipv6":{"type":"number","description_kind":"plain","optional":true,"computed":true},"ipv6_enabled":{"type":"bool","description_kind":"plain","optional":true}},"description_kind":"plain"}},"timeouts":{"nesting_mode":"single","block":{"attributes":{"create":{"type":"string","description_kind":"plain","optional":true}},"description_kind":"plain"}}},"description_kind":"plain"}},"hcloud_server_network":{"version":0,"block":{"attributes":{"alias_ips":{"type":["set","string"],"description_kind":"plain","optional":true},"id":{"type":"string","description_kind":"plain","optional":true,"computed":true},"ip":{"type":"string","description_kind":"plain","optional":true,"computed":true},"mac_address":{"type":"string","description_kind":"plain","computed":true},"network_id":{"type":"number","description_kind":"plain","optional":true},"server_id":{"type":"number","description_kind":"plain","required":true},"subnet_id":{"type":"string","description_kind":"plain","optional":true}},"description_kind":"plain"}},"hcloud_snapshot":{"version":0,"block":{"attributes":{"description":{"type":"string","description_kind":"plain","optional":true},"id":{"type":"string","description_kind":"plain","optional":true,"computed":true},"labels":{"type":["map","string"],"description_kind":"plain","optional":true},"server_id":{"type":"number","description_kind":"plain","required":true}},"block_types":{"timeouts":{"nesting_mode":"single","block":{"attributes":{"create":{"type":"string","description_kind":"plain","optional":true}},"description_kind":"plain"}}},"description_kind":"plain"}},"hcloud_ssh_key":{"version":0,"block":{"attributes":{"fingerprint":{"type":"string","description":"Fingerprint of the SSH public key.","description_kind":"markdown","computed":true},"id":{"type":"string","description":"ID of the SSH key.","description_kind":"markdown","computed":true},"labels":{"type":["map","string"],"description":"User-defined [labels](https://docs.hetzner.cloud/#labels) (key-value pairs) for the resource.","description_kind":"markdown","optional":true,"computed":true},"name":{"type":"string","description":"Name of the SSH key.","description_kind":"markdown","required":true},"public_key":{"type":"string","description":"Public key of the SSH key pair. If this is a file, it can be read using the `file` interpolation function.","description_kind":"markdown","required":true}},"description":"Provides a Hetzner Cloud SSH key resource to manage SSH keys for server access.\n\n## Example Usage\n\n```hcl\n# Create a new SSH key\nresource \"hcloud_ssh_key\" \"default\" {\n  name       = \"Terraform Example\"\n  public_key = file(\"~/.ssh/id_rsa.pub\")\n}\n```\n","description_kind":"markdown"}},"hcloud_uploaded_certificate":{"version":1,"block":{"attributes":{"certificate":{"type":"string","description_kind":"plain","required":true},"created":{"type":"string","description_kind":"plain","computed":true},"domain_names":{"type":["list","string"],"description_kind":"plain","computed":true},"fingerprint":{"type":"string","description_kind":"plain","computed":true},"id":{"type":"string","description_kind":"plain","optional":true,"computed":true},"labels":{"type":["map","string"],"description_kind":"plain","optional":true},"name":{"type":"string","description_kind":"plain","required":true},"not_valid_after":{"type":"string","description_kind":"plain","computed":true},"not_valid_before":{"type":"string","description_kind":"plain","computed":true},"private_key":{"type":"string","description_kind":"plain","required":true,"sensitive":true},"type":{"type":"string","description_kind":"plain","computed":true}},"description_kind":"plain"}},"hcloud_volume":{"version":0,"block":{"attributes":{"automount":{"type":"bool","description_kind":"plain","optional":true},"delete_protection":{"type":"bool","description_kind":"plain","optional":true},"format":{"type":"string","description_kind":"plain","optional":true},"id":{"type":"string","description_kind":"plain","optional":true,"computed":true},"labels":{"type":["map","string"],"description_kind":"plain","optional":true},"linux_device":{"type":"string","description_kind":"plain","computed":true},"location":{"type":"string","description_kind":"plain","optional":true,"computed":true},"name":{"type":"string","description_kind":"plain","required":true},"server_id":{"type":"number","description_kind":"plain","optional":true,"computed":true},"size":{"type":"number","description_kind":"plain","required":true}},"description_kind":"plain"}},"hcloud_volume_attachment":{"version":0,"block":{"attributes":{"automount":{"type":"bool","description_kind":"plain","optional":true,"computed":true},"id":{"type":"string","description_kind":"plain","optional":true,"computed":true},"server_id":{"type":"number","description_kind":"plain","required":true},"volume_id":{"type":"number","description_kind":"plain","required":true}},"description_kind":"plain"}}},"data_source_schemas":{"hcloud_certificate":{"version":1,"block":{"attributes":{"certificate":{"type":"string","description_kind":"plain","computed":true},"created":{"type":"string","description_kind":"plain","computed":true},"domain_names":{"type":["list","string"],"description_kind":"plain","computed":true},"fingerprint":{"type":"string","description_kind":"plain","computed":true},"id":{"type":"number","description_kind":"plain","optional":true,"computed":true},"labels":{"type":["map","string"],"description_kind":"plain","computed":true},"name":{"type":"string","description_kind":"plain","optional":true},"not_valid_after":{"type":"string","description_kind":"plain","computed":true},"not_valid_before":{"type":"string","description_kind":"plain","computed":true},"type":{"type":"string","description_kind":"plain","computed":true},"with_selector":{"type":"string","description_kind":"plain","optional":true}},"description_kind":"plain"}},"hcloud_certificates":{"version":0,"block":{"attributes":{"certificates":{"type":["list",["object",{"certificate":"string","created":"string","domain_names":["list","string"],"fingerprint":"string","id":"number","labels":["map","string"],"name":"string","not_valid_after":"string","not_valid_before":"string","type":"string"}]],"description_kind":"plain","computed":true},"id":{"type":"string","description_kind":"plain","optional":true,"computed":true},"with_selector":{"type":"string","description_kind":"plain","optional":true}},"description_kind":"plain"}},"hcloud_datacenter":{"version":0,"block":{"attributes":{"available_server_type_ids":{"type":["list","number"],"description_kind":"plain","computed":true},"description":{"type":"string","description_kind":"plain","computed":true},"id":{"type":"number","description_kind":"plain","optional":true,"computed":true},"location":{"type":["map","string"],"description_kind":"plain","computed":true},"name":{"type":"string","description_kind":"plain","optional":true,"computed":true},"supported_server_type_ids":{"type":["list","number"],"description_kind":"plain","computed":true}},"description":"Provides details about a specific Hetzner Cloud Datacenter. \n\nUse this resource to get detailed information about a specific datacenter.\n\n## Example\n\n```hcl\ndata \"hcloud_datacenter\" \"datacenter1\" {\n  name = \"fsn1-dc14\"\n}\n\ndata \"hcloud_datacenter\" \"datacenter2\" {\n  id = 4\n}\n```\n","description_kind":"markdown"}},"hcloud_datacenters":{"version":0,"block":{"attributes":{"datacenter_ids":{"type":["list","string"],"description_kind":"plain","deprecated":true,"optional":true},"datacenters":{"nested_type":{"attributes":{"available_server_type_ids":{"type":["list","number"],"description_kind":"plain","computed":true},"description":{"type":"string","description_kind":"plain","computed":true},"id":{"type":"number","description_kind":"plain","optional":true,"computed":true},"location":{"type":["map","string"],"description_kind":"plain","computed":true},"name":{"type":"string","description_kind":"plain","optional":true,"computed":true},"supported_server_type_ids":{"type":["list","number"],"description_kind":"plain","computed":true}},"nesting_mode":"list"},"description_kind":"plain","computed":true},"descriptions":{"type":["list","string"],"description_kind":"plain","deprecated":true,"optional":true},"id":{"type":"string","description_kind":"plain","optional":true},"names":{"type":["list","string"],"description_kind":"plain","deprecated":true,"optional":true}},"description":"Provides a list of available Hetzner Cloud Datacenters.\n\nThis resource may be useful to create highly available infrastructure, distributed across several datacenters.\n\n## Example\n\n```hcl\ndata \"hcloud_datacenters\" \"datacenters\" {}\n\nresource \"hcloud_server\" \"workers\" {\n  count = 5\n\n  name        = \"node${count.index}\"\n  image       = \"debian-11\"\n  server_type = \"cx22\"\n  datacenter  = element(data.hcloud_datacenters.datacenters.datacenters, count.index).name\n}\n```\n","description_kind":"markdown"}},"hcloud_firewall":{"version":0,"block":{"attributes":{"id":{"type":"number","description_kind":"plain","optional":true},"labels":{"type":["map","string"],"description_kind":"plain","optional":true},"most_recent":{"type":"bool","description_kind":"plain","optional":true},"name":{"type":"string","description_kind":"plain","optional":true,"computed":true},"with_selector":{"type":"string","description_kind":"plain","optional":true}},"block_types":{"apply_to":{"nesting_mode":"set","block":{"attributes":{"label_selector":{"type":"string","description_kind":"plain","optional":true,"computed":true},"server":{"type":"number","description_kind":"plain","optional":true,"computed":true}},"description_kind":"plain"}},"rule":{"nesting_mode":"set","block":{"attributes":{"description":{"type":"string","description_kind":"plain","optional":true},"destination_ips":{"type":["set","string"],"description_kind":"plain","optional":true},"direction":{"type":"string","description_kind":"plain","required":true},"port":{"type":"string","description_kind":"plain","optional":true},"protocol":{"type":"string","description_kind":"plain","optional":true},"source_ips":{"type":["set","string"],"description_kind":"plain","optional":true}},"description_kind":"plain"}}},"description_kind":"plain"}},"hcloud_firewalls":{"version":0,"block":{"attributes":{"firewalls":{"type":["list",["object",{"apply_to":["set",["object",{"label_selector":"string","server":"number"}]],"id":"number","labels":["map","string"],"name":"string","rule":["set",["object",{"description":"string","destination_ips":["set","string"],"direction":"string","port":"string","protocol":"string","source_ips":["set","string"]}]]}]],"description_kind":"plain","computed":true},"id":{"type":"string","description_kind":"plain","optional":true,"computed":true},"most_recent":{"type":"bool","description_kind":"plain","optional":true},"with_selector":{"type":"string","description_kind":"plain","optional":true}},"description_kind":"plain"}},"hcloud_floating_ip":{"version":0,"block":{"attributes":{"delete_protection":{"type":"bool","description_kind":"plain","computed":true},"description":{"type":"string","description_kind":"plain","computed":true},"home_location":{"type":"string","description_kind":"plain","computed":true},"id":{"type":"number","description_kind":"plain","optional":true,"computed":true},"ip_address":{"type":"string","description_kind":"plain","optional":true,"computed":true},"ip_network":{"type":"string","description_kind":"plain","computed":true},"labels":{"type":["map","string"],"description_kind":"plain","computed":true},"name":{"type":"string","description_kind":"plain","optional":true},"selector":{"type":"string","description_kind":"plain","deprecated":true,"optional":true},"server_id":{"type":"number","description_kind":"plain","computed":true},"type":{"type":"string","description_kind":"plain","computed":true},"with_selector":{"type":"string","description_kind":"plain","optional":true}},"description_kind":"plain"}},"hcloud_floating_ips":{"version":0,"block":{"attributes":{"floating_ips":{"type":["list",["object",{"delete_protection":"bool","description":"string","home_location":"string","id":"number","ip_address":"string","ip_network":"string","labels":["map","string"],"name":"string","server_id":"number","type":"string"}]],"description_kind":"plain","computed":true},"id":{"type":"string","description_kind":"plain","optional":true,"computed":true},"with_selector":{"type":"string","description_kind":"plain","optional":true}},"description_kind":"plain"}},"hcloud_image":{"version":0,"block":{"attributes":{"architecture":{"type":"string","description_kind":"plain","computed":true},"created":{"type":"string","description_kind":"plain","computed":true},"deprecated":{"type":"string","description_kind":"plain","computed":true},"description":{"type":"string","description_kind":"plain","computed":true},"id":{"type":"number","description_kind":"plain","optional":true,"computed":true},"include_deprecated":{"type":"bool","description_kind":"plain","optional":true},"labels":{"type":["map","string"],"description_kind":"plain","computed":true},"most_recent":{"type":"bool","description_kind":"plain","optional":true},"name":{"type":"string","description_kind":"plain","optional":true,"computed":true},"os_flavor":{"type":"string","description_kind":"plain","computed":true},"os_version":{"type":"string","description_kind":"plain","computed":true},"rapid_deploy":{"type":"bool","description_kind":"plain","computed":true},"selector":{"type":"string","description_kind":"plain","deprecated":true,"optional":true},"type":{"type":"string","description_kind":"plain","computed":true},"with_architecture":{"type":"string","description_kind":"plain","optional":true},"with_selector":{"type":"string","description_kind":"plain","optional":true},"with_status":{"type":["list","string"],"description_kind":"plain","optional":true}},"description_kind":"plain"}},"hcloud_images":{"version":0,"block":{"attributes":{"id":{"type":"string","description_kind":"plain","optional":true,"computed":true},"images":{"type":["list",["object",{"architecture":"string","created":"string","deprecated":"string","description":"string","id":"number","labels":["map","string"],"name":"string","os_flavor":"string","os_version":"string","rapid_deploy":"bool","selector":"string","type":"string"}]],"description_kind":"plain","computed":true},"include_deprecated":{"type":"bool","description_kind":"plain","optional":true},"most_recent":{"type":"bool","description_kind":"plain","optional":true},"with_architecture":{"type":["set","string"],"description_kind":"plain","optional":true},"with_selector":{"type":"string","description_kind":"plain","optional":true},"with_status":{"type":["list","string"],"description_kind":"plain","optional":true}},"description_kind":"plain"}},"hcloud_load_balancer":{"version":0,"block":{"attributes":{"algorithm":{"type":["list",["object",{"type":"string"}]],"description_kind":"plain","computed":true},"delete_protection":{"type":"bool","description_kind":"plain","computed":true},"id":{"type":"number","description_kind":"plain","optional":true,"computed":true},"ipv4":{"type":"string","description_kind":"plain","computed":true},"ipv6":{"type":"string","description_kind":"plain","computed":true},"labels":{"type":["map","string"],"description_kind":"plain","computed":true},"load_balancer_type":{"type":"string","description_kind":"plain","computed":true},"location":{"type":"string","description_kind":"plain","computed":true},"name":{"type":"string","description_kind":"plain","optional":true},"network_id":{"type":"number","description_kind":"plain","computed":true},"network_ip":{"type":"string","description_kind":"plain","computed":true},"network_zone":{"type":"string","description_kind":"plain","computed":true},"service":{"type":["list",["object",{"destination_port":"number","health_check":["list",["object",{"http":["list",["object",{"domain":"string","path":"string","response":"string","status_codes":["list","number"],"tls":"bool"}]],"interval":"number","port":"number","protocol":"string","retries":"number","timeout":"number"}]],"http":["list",["object",{"certificates":["list","string"],"cookie_lifetime":"number","cookie_name":"string","redirect_http":"bool","sticky_sessions":"bool"}]],"listen_port":"number","protocol":"string","proxyprotocol":"bool"}]],"description_kind":"plain","computed":true},"target":{"type":["list",["object",{"label_selector":"string","server_id":"number","type":"string"}]],"description_kind":"plain","computed":true},"with_selector":{"type":"string","description_kind":"plain","optional":true}},"description_kind":"plain"}},"hcloud_load_balancers":{"version":0,"block":{"attributes":{"id":{"type":"string","description_kind":"plain","optional":true,"computed":true},"load_balancers":{"type":["list",["object",{"algorithm":["list",["object",{"type":"string"}]],"delete_protection":"bool","id":"number","ipv4":"string","ipv6":"string","labels":["map","string"],"load_balancer_type":"string","location":"string","name":"string","network_id":"number","network_ip":"string","network_zone":"string","service":["list",["object",{"destination_port":"number","health_check":["list",["object",{"http":["list",["object",{"domain":"string","path":"string","response":"string","status_codes":["list","number"],"tls":"bool"}]],"interval":"number","port":"number","protocol":"string","retries":"number","timeout":"number"}]],"http":["list",["object",{"certificates":["list","string"],"cookie_lifetime":"number","cookie_name":"string","redirect_http":"bool","sticky_sessions":"bool"}]],"listen_port":"number","protocol":"string","proxyprotocol":"bool"}]],"target":["list",["object",{"label_selector":"string","server_id":"number","type":"string"}]]}]],"description_kind":"plain","computed":true},"with_selector":{"type":"string","description_kind":"plain","optional":true}},"description_kind":"plain"}},"hcloud_location":{"version":0,"block":{"attributes":{"city":{"type":"string","description_kind":"plain","computed":true},"country":{"type":"string","description_kind":"plain","computed":true},"description":{"type":"string","description_kind":"plain","computed":true},"id":{"type":"number","description_kind":"plain","optional":true,"computed":true},"latitude":{"type":"number","description_kind":"plain","computed":true},"longitude":{"type":"number","description_kind":"plain","computed":true},"name":{"type":"string","description_kind":"plain","optional":true,"computed":true},"network_zone":{"type":"string","description_kind":"plain","computed":true}},"description":"Provides details about a specific Hetzner Cloud Location.\n\nUse this resource to get detailed information about a specific location.\n\n## Example\n\n```hcl\ndata \"hcloud_location\" \"location1\" {\n  name = \"fsn1\"\n}\n\ndata \"hcloud_location\" \"location2\" {\n  id = 1\n}\n```\n","description_kind":"markdown"}},"hcloud_locations":{"version":0,"block":{"attributes":{"descriptions":{"type":["list","string"],"description_kind":"plain","deprecated":true,"optional":true},"id":{"type":"string","description_kind":"plain","optional":true},"location_ids":{"type":["list","string"],"description_kind":"plain","deprecated":true,"optional":true},"locations":{"nested_type":{"attributes":{"city":{"type":"string","description_kind":"plain","computed":true},"country":{"type":"string","description_kind":"plain","computed":true},"description":{"type":"string","description_kind":"plain","computed":true},"id":{"type":"number","description_kind":"plain","optional":true,"computed":true},"latitude":{"type":"number","description_kind":"plain","computed":true},"longitude":{"type":"number","description_kind":"plain","computed":true},"name":{"type":"string","description_kind":"plain","optional":true,"computed":true},"network_zone":{"type":"string","description_kind":"plain","computed":true}},"nesting_mode":"list"},"description_kind":"plain","computed":true},"names":{"type":["list","string"],"description_kind":"plain","deprecated":true,"optional":true}},"description":"Provides a list of available Hetzner Cloud Locations.\n\nThis resource may be useful to create highly available infrastructure, distributed across several locations.\n\n## Example\n\n```hcl\ndata \"hcloud_locations\" \"locations\" {}\n\nresource \"hcloud_server\" \"workers\" {\n  count = 5\n\n  name        = \"node${count.index}\"\n  image       = \"debian-11\"\n  server_type = \"cx22\"\n  location    = element(data.hcloud_locations.locations.locations, count.index).name\n}\n```\n","description_kind":"markdown"}},"hcloud_network":{"version":0,"block":{"attributes":{"delete_protection":{"type":"bool","description_kind":"plain","computed":true},"expose_routes_to_vswitch":{"type":"bool","description":"Indicates if the routes from this network should be exposed to the vSwitch connection. The exposing only takes effect if a vSwitch connection is active.","description_kind":"plain","computed":true},"id":{"type":"number","description_kind":"plain","optional":true,"computed":true},"ip_range":{"type":"string","description_kind":"plain","optional":true,"computed":true},"labels":{"type":["map","string"],"description_kind":"plain","optional":true,"computed":true},"most_recent":{"type":"bool","description_kind":"plain","deprecated":true,"optional":true},"name":{"type":"string","description_kind":"plain","optional":true,"computed":true},"with_selector":{"type":"string","description_kind":"plain","optional":true}},"description_kind":"plain"}},"hcloud_networks":{"version":0,"block":{"attributes":{"id":{"type":"string","description_kind":"plain","optional":true,"computed":true},"networks":{"type":["list",["object",{"delete_protection":"bool","expose_routes_to_vswitch":"bool","id":"number","ip_range":"string","labels":["map","string"],"name":"string"}]],"description_kind":"plain","computed":true},"with_selector":{"type":"string","description_kind":"plain","optional":true}},"description_kind":"plain"}},"hcloud_placement_group":{"version":0,"block":{"attributes":{"id":{"type":"number","description_kind":"plain","optional":true,"computed":true},"labels":{"type":["map","string"],"description_kind":"plain","optional":true,"computed":true},"most_recent":{"type":"bool","description_kind":"plain","optional":true},"name":{"type":"string","description_kind":"plain","optional":true,"computed":true},"servers":{"type":["list","number"],"description_kind":"plain","computed":true},"type":{"type":"string","description_kind":"plain","optional":true,"computed":true},"with_selector":{"type":"string","description_kind":"plain","optional":true}},"description_kind":"plain"}},"hcloud_placement_groups":{"version":0,"block":{"attributes":{"id":{"type":"string","description_kind":"plain","optional":true,"computed":true},"most_recent":{"type":"bool","description_kind":"plain","optional":true},"placement_groups":{"type":["list",["object",{"id":"number","labels":["map","string"],"name":"string","servers":["list","number"],"type":"string"}]],"description_kind":"plain","computed":true},"with_selector":{"type":"string","description_kind":"plain","optional":true}},"description_kind":"plain"}},"hcloud_primary_ip":{"version":0,"block":{"attributes":{"assignee_id":{"type":"number","description_kind":"plain","optional":true,"computed":true},"assignee_type":{"type":"string","description_kind":"plain","computed":true},"auto_delete":{"type":"bool","description_kind":"plain","computed":true},"datacenter":{"type":"string","description_kind":"plain","computed":true},"delete_protection":{"type":"bool","description_kind":"plain","computed":true},"id":{"type":"number","description_kind":"plain","optional":true,"computed":true},"ip_address":{"type":"string","description_kind":"plain","optional":true,"computed":true},"ip_network":{"type":"string","description_kind":"plain","computed":true},"labels":{"type":["map","string"],"description_kind":"plain","computed":true},"name":{"type":"string","description_kind":"plain","optional":true},"type":{"type":"string","description_kind":"plain","computed":true},"with_selector":{"type":"string","description_kind":"plain","optional":true}},"description_kind":"plain"}},"hcloud_primary_ips":{"version":0,"block":{"attributes":{"id":{"type":"string","description_kind":"plain","optional":true,"computed":true},"primary_ips":{"type":["list",["object",{"assignee_id":"number","assignee_type":"string","auto_delete":"bool","datacenter":"string","delete_protection":"bool","id":"number","ip_address":"string","ip_network":"string","labels":["map","string"],"name":"string","type":"string"}]],"description_kind":"plain","computed":true},"with_selector":{"type":"string","description_kind":"plain","optional":true}},"description_kind":"plain"}},"hcloud_server":{"version":0,"block":{"attributes":{"backup_window":{"type":"string","description_kind":"plain","computed":true},"backups":{"type":"bool","description_kind":"plain","computed":true},"datacenter":{"type":"string","description_kind":"plain","computed":true},"delete_protection":{"type":"bool","description_kind":"plain","computed":true},"firewall_ids":{"type":["list","number"],"description_kind":"plain","computed":true},"id":{"type":"number","description_kind":"plain","optional":true,"computed":true},"image":{"type":"string","description_kind":"plain","computed":true},"ipv4_address":{"type":"string","description_kind":"plain","computed":true},"ipv6_address":{"type":"string","description_kind":"plain","computed":true},"ipv6_network":{"type":"string","description_kind":"plain","computed":true},"iso":{"type":"string","description_kind":"plain","computed":true},"labels":{"type":["map","string"],"description_kind":"plain","computed":true},"location":{"type":"string","description_kind":"plain","computed":true},"name":{"type":"string","description_kind":"plain","optional":true,"computed":true},"placement_group_id":{"type":"number","description_kind":"plain","optional":true},"primary_disk_size":{"type":"number","description_kind":"plain","computed":true},"rebuild_protection":{"type":"bool","description_kind":"plain","computed":true},"rescue":{"type":"string","description_kind":"plain","computed":true},"selector":{"type":"string","description_kind":"plain","deprecated":true,"optional":true},"server_type":{"type":"string","description_kind":"plain","computed":true},"status":{"type":"string","description_kind":"plain","computed":true},"with_selector":{"type":"string","description_kind":"plain","optional":true},"with_status":{"type":["list","string"],"description_kind":"plain","optional":true}},"description_kind":"plain"}},"hcloud_server_type":{"version":0,"block":{"attributes":{"architecture":{"type":"string","description_kind":"plain","computed":true},"cores":{"type":"number","description_kind":"plain","computed":true},"cpu_type":{"type":"string","description_kind":"plain","computed":true},"deprecation_announced":{"type":"string","description_kind":"plain","optional":true,"computed":true},"description":{"type":"string","description_kind":"plain","computed":true},"disk":{"type":"number","description_kind":"plain","computed":true},"id":{"type":"number","description_kind":"plain","optional":true,"computed":true},"included_traffic":{"type":"number","description_kind":"plain","deprecated":true,"computed":true},"is_deprecated":{"type":"bool","description_kind":"plain","computed":true},"memory":{"type":"number","description_kind":"plain","computed":true},"name":{"type":"string","description_kind":"plain","optional":true,"computed":true},"storage_type":{"type":"string","description_kind":"plain","computed":true},"unavailable_after":{"type":"string","description_kind":"plain","optional":true,"computed":true}},"description_kind":"plain"}},"hcloud_server_types":{"version":0,"block":{"attributes":{"descriptions":{"type":["list","string"],"description_kind":"plain","deprecated":true,"computed":true},"id":{"type":"string","description_kind":"plain","optional":true,"computed":true},"names":{"type":["list","string"],"description_kind":"plain","deprecated":true,"computed":true},"server_type_ids":{"type":["list","string"],"description_kind":"plain","deprecated":true,"optional":true},"server_types":{"type":["list",["object",{"architecture":"string","cores":"number","cpu_type":"string","deprecation_announced":"string","description":"string","disk":"number","id":"number","included_traffic":"number","is_deprecated":"bool","memory":"number","name":"string","storage_type":"string","unavailable_after":"string"}]],"description_kind":"plain","computed":true}},"description_kind":"plain"}},"hcloud_servers":{"version":0,"block":{"attributes":{"id":{"type":"string","description_kind":"plain","optional":true,"computed":true},"servers":{"type":["list",["object",{"backup_window":"string","backups":"bool","datacenter":"string","delete_protection":"bool","firewall_ids":["list","number"],"id":"number","image":"string","ipv4_address":"string","ipv6_address":"string","ipv6_network":"string","iso":"string","labels":["map","string"],"location":"string","name":"string","placement_group_id":"number","primary_disk_size":"number","rebuild_protection":"bool","rescue":"string","server_type":"string","status":"string"}]],"description_kind":"plain","computed":true},"with_selector":{"type":"string","description_kind":"plain","optional":true},"with_status":{"type":["list","string"],"description_kind":"plain","optional":true}},"description_kind":"plain"}},"hcloud_ssh_key":{"version":0,"block":{"attributes":{"fingerprint":{"type":"string","description":"Fingerprint of the SSH key.","description_kind":"markdown","optional":true,"computed":true},"id":{"type":"number","description":"ID of the SSH key.","description_kind":"markdown","optional":true,"computed":true},"labels":{"type":["map","string"],"description":"User-defined [labels](https://docs.hetzner.cloud/#labels) (key-value pairs) for the resource.","description_kind":"markdown","optional":true,"computed":true},"name":{"type":"string","description":"Name of the SSH key.","description_kind":"markdown","optional":true,"computed":true},"public_key":{"type":"string","description":"Public key of the SSH key pair.","description_kind":"markdown","optional":true,"computed":true},"selector":{"type":"string","description_kind":"plain","deprecated":true,"optional":true},"with_selector":{"type":"string","description_kind":"plain","optional":true}},"description":"Provides details about a specific Hetzner Cloud SSH Key.\n\nThis resource is useful if you want to use a non-terraform managed SSH Key.\n\n## Example Usage\n\n```hcl\ndata \"hcloud_ssh_key\" \"ssh_key_1\" {\n  id = \"1234\"\n}\n\ndata \"hcloud_ssh_key\" \"ssh_key_2\" {\n  name = \"my-ssh-key\"\n}\n\ndata \"hcloud_ssh_key\" \"ssh_key_3\" {\n  fingerprint = \"43:51:43:a1:b5:fc:8b:b7:0a:3a:a9:b1:0f:66:73:a8\"\n}\n\ndata \"hcloud_ssh_key\" \"ssh_key_4\" {\n  with_selector = \"key=value\"\n}\n\nresource \"hcloud_server\" \"main\" {\n  ssh_keys = [\n    data.hcloud_ssh_key.ssh_key_1.id,\n    data.hcloud_ssh_key.ssh_key_2.id,\n    data.hcloud_ssh_key.ssh_key_3.id,\n  ]\n}\n```\n","description_kind":"markdown"}},"hcloud_ssh_keys":{"version":0,"block":{"attributes":{"id":{"type":"string","description_kind":"plain","optional":true},"ssh_keys":{"nested_type":{"attributes":{"fingerprint":{"type":"string","description":"Fingerprint of the SSH key.","description_kind":"markdown","optional":true,"computed":true},"id":{"type":"number","description":"ID of the SSH key.","description_kind":"markdown","optional":true,"computed":true},"labels":{"type":["map","string"],"description":"User-defined [labels](https://docs.hetzner.cloud/#labels) (key-value pairs) for the resource.","description_kind":"markdown","optional":true,"computed":true},"name":{"type":"string","description":"Name of the SSH key.","description_kind":"markdown","optional":true,"computed":true},"public_key":{"type":"string","description":"Public key of the SSH key pair.","description_kind":"markdown","optional":true,"computed":true}},"nesting_mode":"list"},"description_kind":"plain","computed":true},"with_selector":{"type":"string","description_kind":"plain","optional":true}},"description":"Provides details about Hetzner Cloud SSH Keys.\n\nThis resource is useful if you want to use a non-terraform managed SSH Key.\n\n## Example Usage\n\n```hcl\ndata \"hcloud_ssh_keys\" \"all_ssh_keys\" {}\n\ndata \"hcloud_ssh_keys\" \"ssh_keys_by_label_selector\" {\n  with_selector = \"foo=bar\"\n}\n\nresource \"hcloud_server\" \"main\" {\n  ssh_keys = data.hcloud_ssh_keys.all_ssh_keys.ssh_keys.*.name\n}\n```\n","description_kind":"markdown"}},"hcloud_volume":{"version":0,"block":{"attributes":{"delete_protection":{"type":"bool","description_kind":"plain","computed":true},"id":{"type":"number","description_kind":"plain","optional":true,"computed":true},"labels":{"type":["map","string"],"description_kind":"plain","computed":true},"linux_device":{"type":"string","description_kind":"plain","computed":true},"location":{"type":"string","description_kind":"plain","optional":true},"name":{"type":"string","description_kind":"plain","optional":true,"computed":true},"selector":{"type":"string","description_kind":"plain","deprecated":true,"optional":true},"server_id":{"type":"number","description_kind":"plain","optional":true},"size":{"type":"number","description_kind":"plain","computed":true},"with_selector":{"type":"string","description_kind":"plain","optional":true},"with_status":{"type":["list","string"],"description_kind":"plain","optional":true}},"description_kind":"plain"}},"hcloud_volumes":{"version":0,"block":{"attributes":{"id":{"type":"string","description_kind":"plain","optional":true,"computed":true},"volumes":{"type":["list",["object",{"delete_protection":"bool","id":"number","labels":["map","string"],"linux_device":"string","location":"string","name":"string","server_id":"number","size":"number"}]],"description_kind":"plain","computed":true},"with_selector":{"type":"string","description_kind":"plain","optional":true},"with_status":{"type":["list","string"],"description_kind":"plain","optional":true}},"description_kind":"plain"}}}}}}
